lockfileVersion: '9.0'

settings:
  autoInstallPeers: true
  excludeLinksFromLockfile: false

importers:

  .:
    devDependencies:
      '@tauri-apps/cli':
        specifier: 2.9.6
        version: 2.9.6

packages:

  '@tauri-apps/cli-darwin-arm64@2.9.6':
    resolution: {integrity: sha1-uxV2plZ9sNMx400jItxq695mgeg=, tarball: https://ms-feed-25.pkgs.visualstudio.com/1es-public/_packaging/npm-public/npm/registry/@tauri-apps/cli-darwin-arm64/-/cli-darwin-arm64-2.9.6.tgz}
    engines: {node: '>= 10'}
    cpu: [arm64]
    os: [darwin]

  '@tauri-apps/cli-darwin-x64@2.9.6':
    resolution: {integrity: sha512-oWh74WmqbERwwrwcueJyY6HYhgCksUc6NT7WKeXyrlY/FPmNgdyQAgcLuTSkhRFuQ6zh4Np1HZpOqCTpeZBDcw==, tarball: https://ms-feed-25.pkgs.visualstudio.com/1es-public/_packaging/npm-public/npm/registry/@tauri-apps/cli-darwin-x64/-/cli-darwin-x64-2.9.6.tgz}
    engines: {node: '>= 10'}
    cpu: [x64]
    os: [darwin]

  '@tauri-apps/cli-linux-arm-gnueabihf@2.9.6':
    resolution: {integrity: sha512-/zde3bFroFsNXOHN204DC2qUxAcAanUjVXXSdEGmhwMUZeAQalNj5cz2Qli2elsRjKN/hVbZOJj0gQ5zaYUjSg==, tarball: https://ms-feed-25.pkgs.visualstudio.com/1es-public/_packaging/npm-public/npm/registry/@tauri-apps/cli-linux-arm-gnueabihf/-/cli-linux-arm-gnueabihf-2.9.6.tgz}
    engines: {node: '>= 10'}
    cpu: [arm]
    os: [linux]

  '@tauri-apps/cli-linux-arm64-gnu@2.9.6':
    resolution: {integrity: sha512-pvbljdhp9VOo4RnID5ywSxgBs7qiylTPlK56cTk7InR3kYSTJKYMqv/4Q/4rGo/mG8cVppesKIeBMH42fw6wjg==, tarball: https://ms-feed-25.pkgs.visualstudio.com/1es-public/_packaging/npm-public/npm/registry/@tauri-apps/cli-linux-arm64-gnu/-/cli-linux-arm64-gnu-2.9.6.tgz}
    engines: {node: '>= 10'}
    cpu: [arm64]
    os: [linux]
    libc: [glibc]

  '@tauri-apps/cli-linux-arm64-musl@2.9.6':
    resolution: {integrity: sha1-zl5TlttsfyK4AVR1dHmxSGFjNko=, tarball: https://ms-feed-25.pkgs.visualstudio.com/1es-public/_packaging/npm-public/npm/registry/@tauri-apps/cli-linux-arm64-musl/-/cli-linux-arm64-musl-2.9.6.tgz}
    engines: {node: '>= 10'}
    cpu: [arm64]
    os: [linux]
    libc: [musl]

  '@tauri-apps/cli-linux-riscv64-gnu@2.9.6':
    resolution: {integrity: sha512-fmp1hnulbqzl1GkXl4aTX9fV+ubHw2LqlLH1PE3BxZ11EQk+l/TmiEongjnxF0ie4kV8DQfDNJ1KGiIdWe1GvQ==, tarball: https://ms-feed-25.pkgs.visualstudio.com/1es-public/_packaging/npm-public/npm/registry/@tauri-apps/cli-linux-riscv64-gnu/-/cli-linux-riscv64-gnu-2.9.6.tgz}
    engines: {node: '>= 10'}
    cpu: [riscv64]
    os: [linux]
    libc: [glibc]

  '@tauri-apps/cli-linux-x64-gnu@2.9.6':
    resolution: {integrity: sha1-A2wEY8Xu4imO1sqMsoOHOIFscpA=, tarball: https://ms-feed-25.pkgs.visualstudio.com/1es-public/_packaging/npm-public/npm/registry/@tauri-apps/cli-linux-x64-gnu/-/cli-linux-x64-gnu-2.9.6.tgz}
    engines: {node: '>= 10'}
    cpu: [x64]
    os: [linux]
    libc: [glibc]

  '@tauri-apps/cli-linux-x64-musl@2.9.6':
    resolution: {integrity: sha1-YrBds9KLDxLBUINqOHvVct5E9b4=, tarball: https://ms-feed-25.pkgs.visualstudio.com/1es-public/_packaging/npm-public/npm/registry/@tauri-apps/cli-linux-x64-musl/-/cli-linux-x64-musl-2.9.6.tgz}
    engines: {node: '>= 10'}
    cpu: [x64]
    os: [linux]
    libc: [musl]

  '@tauri-apps/cli-win32-arm64-msvc@2.9.6':
    resolution: {integrity: sha512-ujmDGMRc4qRLAnj8nNG26Rlz9klJ0I0jmZs2BPpmNNf0gM/rcVHhqbEkAaHPTBVIrtUdf7bGvQAD2pyIiUrBHQ==, tarball: https://ms-feed-25.pkgs.visualstudio.com/1es-public/_packaging/npm-public/npm/registry/@tauri-apps/cli-win32-arm64-msvc/-/cli-win32-arm64-msvc-2.9.6.tgz}
    engines: {node: '>= 10'}
    cpu: [arm64]
    os: [win32]

  '@tauri-apps/cli-win32-ia32-msvc@2.9.6':
    resolution: {integrity: sha1-s2xg21EZ108SbUxNgojRxq5LRfA=, tarball: https://ms-feed-25.pkgs.visualstudio.com/1es-public/_packaging/npm-public/npm/registry/@tauri-apps/cli-win32-ia32-msvc/-/cli-win32-ia32-msvc-2.9.6.tgz}
    engines: {node: '>= 10'}
    cpu: [ia32]
    os: [win32]

  '@tauri-apps/cli-win32-x64-msvc@2.9.6':
    resolution: {integrity: sha1-1Yyfivg1t+T8MOIB6Xk0LHC+pCY=, tarball: https://ms-feed-25.pkgs.visualstudio.com/1es-public/_packaging/npm-public/npm/registry/@tauri-apps/cli-win32-x64-msvc/-/cli-win32-x64-msvc-2.9.6.tgz}
    engines: {node: '>= 10'}
    cpu: [x64]
    os: [win32]

  '@tauri-apps/cli@2.9.6':
    resolution: {integrity: sha1-8Vro4Dv0gwgFXBWrJbQ5vtmQa8k=, tarball: https://ms-feed-25.pkgs.visualstudio.com/1es-public/_packaging/npm-public/npm/registry/@tauri-apps/cli/-/cli-2.9.6.tgz}
    engines: {node: '>= 10'}
    hasBin: true

snapshots:

  '@tauri-apps/cli-darwin-arm64@2.9.6':
    optional: true

  '@tauri-apps/cli-darwin-x64@2.9.6':
    optional: true

  '@tauri-apps/cli-linux-arm-gnueabihf@2.9.6':
    optional: true

  '@tauri-apps/cli-linux-arm64-gnu@2.9.6':
    optional: true

  '@tauri-apps/cli-linux-arm64-musl@2.9.6':
    optional: true

  '@tauri-apps/cli-linux-riscv64-gnu@2.9.6':
    optional: true

  '@tauri-apps/cli-linux-x64-gnu@2.9.6':
    optional: true

  '@tauri-apps/cli-linux-x64-musl@2.9.6':
    optional: true

  '@tauri-apps/cli-win32-arm64-msvc@2.9.6':
    optional: true

  '@tauri-apps/cli-win32-ia32-msvc@2.9.6':
    optional: true

  '@tauri-apps/cli-win32-x64-msvc@2.9.6':
    optional: true

  '@tauri-apps/cli@2.9.6':
    optionalDependencies:
      '@tauri-apps/cli-darwin-arm64': 2.9.6
      '@tauri-apps/cli-darwin-x64': 2.9.6
      '@tauri-apps/cli-linux-arm-gnueabihf': 2.9.6
      '@tauri-apps/cli-linux-arm64-gnu': 2.9.6
      '@tauri-apps/cli-linux-arm64-musl': 2.9.6
      '@tauri-apps/cli-linux-riscv64-gnu': 2.9.6
      '@tauri-apps/cli-linux-x64-gnu': 2.9.6
      '@tauri-apps/cli-linux-x64-musl': 2.9.6
      '@tauri-apps/cli-win32-arm64-msvc': 2.9.6
      '@tauri-apps/cli-win32-ia32-msvc': 2.9.6
      '@tauri-apps/cli-win32-x64-msvc': 2.9.6
